lockfile_version: '1'
generated_at: '2026-08-11T03:20:37.451201+00:00'
apm_version: 0.26.0
dependencies:
- repo_url: aoirint/skills
  name: skills
  host: github.com
  resolved_commit: 82fb9ef5149bf59721053fc881e499b7a67ac39b
  resolved_ref: 82fb9ef5149bf59721053fc881e499b7a67ac39b
  version: 0.0.0
  package_type: apm_package
  deployed_files:
  - .agents/skills/apm-usage
  - .agents/skills/apm-usage/README.md
  - .agents/skills/apm-usage/SKILL.md
  - .agents/skills/apm-usage/agents/openai.yaml
  - .agents/skills/apm-usage/assets/check-apm-project/action.yml
  - .agents/skills/apm-usage/references/apm-bootstrap.json
  - .agents/skills/apm-usage/references/ci-guards.md
  - .agents/skills/apm-usage/scripts/propose_bootstrap_update.py
  - .agents/skills/apm-usage/scripts/propose_bootstrap_update.py.lock
  - .agents/skills/changelog-workflow
  - .agents/skills/changelog-workflow/README.md
  - .agents/skills/changelog-workflow/SKILL.md
  - .agents/skills/changelog-workflow/agents/openai.yaml
  - .agents/skills/code-quality-check
  - .agents/skills/code-quality-check/README.md
  - .agents/skills/code-quality-check/SKILL.md
  - .agents/skills/code-quality-check/agents/openai.yaml
  - .agents/skills/commit-message-quality-check
  - .agents/skills/commit-message-quality-check/README.md
  - .agents/skills/commit-message-quality-check/SKILL.md
  - .agents/skills/commit-message-quality-check/agents/openai.yaml
  - .agents/skills/docker-quality-check
  - .agents/skills/docker-quality-check/README.md
  - .agents/skills/docker-quality-check/SKILL.md
  - .agents/skills/docker-quality-check/agents/openai.yaml
  - .agents/skills/docker-quality-check/assets/github/actions/lint-docker/action.yml
  - .agents/skills/docker-quality-check/assets/github/workflows/main.yml
  - .agents/skills/docker-quality-check/assets/github/workflows/pull-request.yml
  - .agents/skills/docker-quality-check/references/ci-template-contract.md
  - .agents/skills/git-worktree-workflow
  - .agents/skills/git-worktree-workflow/README.md
  - .agents/skills/git-worktree-workflow/SKILL.md
  - .agents/skills/git-worktree-workflow/agents/openai.yaml
  - .agents/skills/github-workflow
  - .agents/skills/github-workflow/README.md
  - .agents/skills/github-workflow/SKILL.md
  - .agents/skills/github-workflow/agents/openai.yaml
  - .agents/skills/github-workflow/references/fallback-pr-body.md
  - .agents/skills/github-workflow/scripts/check_llm_disclosure.py
  - .agents/skills/gitignore-workflow
  - .agents/skills/gitignore-workflow/README.md
  - .agents/skills/gitignore-workflow/SKILL.md
  - .agents/skills/gitignore-workflow/agents/openai.yaml
  - .agents/skills/prose-quality-check
  - .agents/skills/prose-quality-check/README.md
  - .agents/skills/prose-quality-check/SKILL.md
  - .agents/skills/prose-quality-check/agents/openai.yaml
  - .agents/skills/python-quality-check
  - .agents/skills/python-quality-check/README.md
  - .agents/skills/python-quality-check/SKILL.md
  - .agents/skills/python-quality-check/agents/openai.yaml
  - .agents/skills/python-quality-check/references/ci-and-distribution.md
  - .agents/skills/python-quality-check/references/tooling-and-testing.md
  - .agents/skills/python-quality-check/scripts/check_project.py
  - .agents/skills/python-quality-check/scripts/check_project.py.lock
  - .agents/skills/python-quality-check/scripts/inspect_distribution.py
  - .agents/skills/python-quality-check/scripts/inspect_distribution.py.lock
  - .agents/skills/python-quality-check/scripts/test_check_project.py
  - .agents/skills/python-quality-check/scripts/test_inspect_distribution.py
  - .agents/skills/release-note-workflow
  - .agents/skills/release-note-workflow/README.md
  - .agents/skills/release-note-workflow/SKILL.md
  - .agents/skills/release-note-workflow/agents/openai.yaml
  - .agents/skills/security-check
  - .agents/skills/security-check/README.md
  - .agents/skills/security-check/SKILL.md
  - .agents/skills/security-check/agents/openai.yaml
  - .agents/skills/security-check/references/artifact-inspection.md
  - .agents/skills/security-check/references/external-code-execution.md
  deployed_file_hashes:
    .agents/skills/apm-usage/README.md: sha256:70351aaebf54291433dfcff86280e87edc757ff4e93e506aa1e8f06a0b913f06
    .agents/skills/apm-usage/SKILL.md: sha256:82bfde7980c17b69f043b62cb5669a42b1e65386f4a8476a224617285f33653e
    .agents/skills/apm-usage/agents/openai.yaml: sha256:931ed250f3abe81dcad27da5b668d7546cd65f528cd37de754dee4c9df1905e0
    .agents/skills/apm-usage/assets/check-apm-project/action.yml: sha256:108bc5e9964026880fb49086728f8458b16174f33636dea79276bd286505bbd4
    .agents/skills/apm-usage/references/apm-bootstrap.json: sha256:f3b8921d2db8d6bfad9088657895b126ebd8d87b92133bd65331be4a8a0a515e
    .agents/skills/apm-usage/references/ci-guards.md: sha256:7898244519895206b90713bdeb23d7bc8ba54437f8205944cdce98acf12fe1d1
    .agents/skills/apm-usage/scripts/propose_bootstrap_update.py: sha256:9d7d3a4292a9ad4a833f970a51cce0202f3850503d39e410c1d2fccad5eb0b58
    .agents/skills/apm-usage/scripts/propose_bootstrap_update.py.lock: sha256:016afc221516f1724533f1623ec77ef8a9a80c06a1ffae431f32f5e063e59986
    .agents/skills/changelog-workflow/README.md: sha256:7ef8167d26522d95f62b9f11d752487d62b6bfdae05850315189fbe2a19fed83
    .agents/skills/changelog-workflow/SKILL.md: sha256:8d9de8e0e3c31c4a2c176a0d14e3f1a45daf3db364ede7dd86983c8c3f571f54
    .agents/skills/changelog-workflow/agents/openai.yaml: sha256:6264e6dbd0433ab63370e15033ecb94da8dd131c4edcb1d3f2b9abdeb4f680f1
    .agents/skills/code-quality-check/README.md: sha256:b2cfd8bf9c3c7bd16cf86718877fa025396d15a380de88045122c4d162682cc2
    .agents/skills/code-quality-check/SKILL.md: sha256:30d64d4b25d9be96567f3e5f7106609e1a4d9a32b3c3d520d4b3aca459631990
    .agents/skills/code-quality-check/agents/openai.yaml: sha256:69a8a75579e3b47dc69a176417b97441adf81bc54984d3f6bc114e47a68bc9b3
    .agents/skills/commit-message-quality-check/README.md: sha256:c23949080d05f47cce728410ca3190225397aa41ac2015c6f02ee478ec412a24
    .agents/skills/commit-message-quality-check/SKILL.md: sha256:db272bb7467bcb6a6c3d837dec60a34f7081c135fcd40a9e00cf4a84e29ffabe
    .agents/skills/commit-message-quality-check/agents/openai.yaml: sha256:faffd948a0989dcfc87dcd3b0580c4a7003d01ef436e66dab9f280df57de652c
    .agents/skills/docker-quality-check/README.md: sha256:912a73d3de06babc6eed1ecdaf275139ae465797083dc5427affb54d00c57bf0
    .agents/skills/docker-quality-check/SKILL.md: sha256:642f9fdb8d92170a51fdadd2c6fc98a154b1cfeda097c0c7b59bbb8307308069
    .agents/skills/docker-quality-check/agents/openai.yaml: sha256:8abdaaa5a0458e86821080f50a2dfc34374c5c673a6c257fa351a2a96a16d064
    .agents/skills/docker-quality-check/assets/github/actions/lint-docker/action.yml: sha256:9f9b507f64721d295ca96eabe440a73caed1d280ec42e7dd0f81ebc796a87ad3
    .agents/skills/docker-quality-check/assets/github/workflows/main.yml: sha256:eb431cdcf975f9cbb42f2fce1a3b9afb11134f802d82ccac7d8d63946d050c4a
    .agents/skills/docker-quality-check/assets/github/workflows/pull-request.yml: sha256:0ff5ebdc316889f7d295a22de2f24c2ad0307be5c8afb76cb1555d4ac3c05782
    .agents/skills/docker-quality-check/references/ci-template-contract.md: sha256:91931e9e0d6bb3bd2291fde1b4f6159a8005100b8d8ac7666b65aa0a65403dd8
    .agents/skills/git-worktree-workflow/README.md: sha256:fa6483b5919a01b84fa0d6ffcbaae20b84ed3807e18029e8807e61b0ee4f9de9
    .agents/skills/git-worktree-workflow/SKILL.md: sha256:67e2474b9878cc6cb209ae30b19c233f65969abe5b5d543f0c9a16e46f1d40d2
    .agents/skills/git-worktree-workflow/agents/openai.yaml: sha256:3eb9da73e7a041e77d82f0d5c3a8c67e914575cff8651b71d077db30fe3da99a
    .agents/skills/github-workflow/README.md: sha256:381a6c5fee202282fe66b35070b605c2b344f718aa63cf9b91abeca1936ab2d2
    .agents/skills/github-workflow/SKILL.md: sha256:d48216b0fb3656228d1af7689cd538303a3114bcc7e0b74f1404258b836f7412
    .agents/skills/github-workflow/agents/openai.yaml: sha256:1d8dfa53b85500f8d112c039d1c522dde129d140208c65d7145aa55e70eae329
    .agents/skills/github-workflow/references/fallback-pr-body.md: sha256:b98239e7d4cdddd8e267ab155f4e4c38fcc514526d9a32f13fcd5b21a1c07eb2
    .agents/skills/github-workflow/scripts/check_llm_disclosure.py: sha256:bc9c5cbd8efa77095eac42e53da714ed8dff86fa3b0e7870fc3e7eca1ca36e20
    .agents/skills/gitignore-workflow/README.md: sha256:0de188ebcdd40ea1aec701410e1c2182049b66bc4ec4d83a3bf55685b4267d47
    .agents/skills/gitignore-workflow/SKILL.md: sha256:2ef38f42e418c10e0ba7632e3ba37614df97044dfa8847ad1338e6c4c896c089
    .agents/skills/gitignore-workflow/agents/openai.yaml: sha256:f6a9b176003028588ff4c1d9ee4e23c625892d00b65086bf4b6b26a3f896030d
    .agents/skills/prose-quality-check/README.md: sha256:8e4d9f8f8fdfba1cf7fe71fa88cac6baffa0d3c7616f744c0e3b1add102be5e7
    .agents/skills/prose-quality-check/SKILL.md: sha256:9ec45813d04382e04a3b504fd187e4151fc5198352564bd0bcb064f4eaf9a702
    .agents/skills/prose-quality-check/agents/openai.yaml: sha256:b83e0a5d151e6e20df6f7d97f268955c6abfd105d53820f6baad0de8403fc062
    .agents/skills/python-quality-check/README.md: sha256:20a23003a24a8caf2f03dd5a06bed99c81cf93ab53fe5a196c6a67ab59c53b0e
    .agents/skills/python-quality-check/SKILL.md: sha256:8827207925dfe0648856628561433435a6c3bd3f27e8497a784b809e90c9441d
    .agents/skills/python-quality-check/agents/openai.yaml: sha256:f0b4ad3807e177becec02271314fb32c1ec8d5a7682725ddd4a611a5381084d1
    .agents/skills/python-quality-check/references/ci-and-distribution.md: sha256:e52aaf46c28816d6f6262a5421dba8de9f906d2b606987bedcda840d2e687281
    .agents/skills/python-quality-check/references/tooling-and-testing.md: sha256:8dd45ccbf2818d73c6497beec400567c294eec842199eaf329e856d40446e771
    .agents/skills/python-quality-check/scripts/check_project.py: sha256:8175b500198399a2ce8b79b4fc8d1902f791d163a0d6dfd35b5ce56b41c5ccc5
    .agents/skills/python-quality-check/scripts/check_project.py.lock: sha256:76042d39ffdbb675188966b4fc41d312b0ec9374a7aa438d4f5e919adcf04c07
    .agents/skills/python-quality-check/scripts/inspect_distribution.py: sha256:86cc60199cf85c6eab39f648c9892963fbfd2ec6d913106119b0eb679eca6849
    .agents/skills/python-quality-check/scripts/inspect_distribution.py.lock: sha256:76042d39ffdbb675188966b4fc41d312b0ec9374a7aa438d4f5e919adcf04c07
    .agents/skills/python-quality-check/scripts/test_check_project.py: sha256:3f11ecf64d5febb40c3401cd1af77fdc979c273ed3e58000c5de15cc75bf4f89
    .agents/skills/python-quality-check/scripts/test_inspect_distribution.py: sha256:71758c1bb5e05991d8965a323f41e7c25aba529e777a9340d38c10f433392263
    .agents/skills/release-note-workflow/README.md: sha256:f13446e75a1c77495c4d55476ba8ca919aa3181e0864feb7a668a20a5cdf964b
    .agents/skills/release-note-workflow/SKILL.md: sha256:518296cb00d1ef181785ea8abd0150b9704b5cdd05a48fc0390284c548ef421c
    .agents/skills/release-note-workflow/agents/openai.yaml: sha256:30cfe7d4520783cfc8c72f5f81cc3e7a5708a5827e691f0003a665d89558fda0
    .agents/skills/security-check/README.md: sha256:d321689b998388180ac852fdb6374ab3b79bec508a53d00461a9db79fb246d2e
    .agents/skills/security-check/SKILL.md: sha256:b343a0f82623298ec8499b44859f80029fdf97ea0367b96da88ff9dcd5bd3297
    .agents/skills/security-check/agents/openai.yaml: sha256:87edf0cc1e8717194d0c536f2d5ac0cc1ac9ec04402311d34e953d2e2b23fa19
    .agents/skills/security-check/references/artifact-inspection.md: sha256:9842555f4789e77e6cf3d22b000116497207ecf6fa5587f2b1fe0dc20e7dffda
    .agents/skills/security-check/references/external-code-execution.md: sha256:87ca817baa02ef6b955e5878f0cd79c875abdb0be6e0177cfce158968e628bc3
  content_hash: sha256:6eec088c34d2f984e328d7c3521313313034d7d26cae6a190bf73ef58bbbf9fa
  skill_subset:
  - apm-usage
  - changelog-workflow
  - code-quality-check
  - commit-message-quality-check
  - docker-quality-check
  - git-worktree-workflow
  - github-workflow
  - gitignore-workflow
  - prose-quality-check
  - python-quality-check
  - release-note-workflow
  - security-check
  declared_license: MIT
deployments:
- kind: project-relative
  target: codex
  value: .agents/skills/apm-usage
  runtime: null
  scope: project
  owners:
  - aoirint/skills
  active_owner: aoirint/skills
  content_hash: null
- kind: project-relative
  target: codex
  value: .agents/skills/apm-usage/README.md
  runtime: null
  scope: project
  owners:
  - aoirint/skills
  active_owner: aoirint/skills
  content_hash: sha256:70351aaebf54291433dfcff86280e87edc757ff4e93e506aa1e8f06a0b913f06
- kind: project-relative
  target: codex
  value: .agents/skills/apm-usage/SKILL.md
  runtime: null
  scope: project
  owners:
  - aoirint/skills
  active_owner: aoirint/skills
  content_hash: sha256:82bfde7980c17b69f043b62cb5669a42b1e65386f4a8476a224617285f33653e
- kind: project-relative
  target: codex
  value: .agents/skills/apm-usage/agents/openai.yaml
  runtime: null
  scope: project
  owners:
  - aoirint/skills
  active_owner: aoirint/skills
  content_hash: sha256:931ed250f3abe81dcad27da5b668d7546cd65f528cd37de754dee4c9df1905e0
- kind: project-relative
  target: codex
  value: .agents/skills/apm-usage/assets/check-apm-project/action.yml
  runtime: null
  scope: project
  owners:
  - aoirint/skills
  active_owner: aoirint/skills
  content_hash: sha256:108bc5e9964026880fb49086728f8458b16174f33636dea79276bd286505bbd4
- kind: project-relative
  target: codex
  value: .agents/skills/apm-usage/references/apm-bootstrap.json
  runtime: null
  scope: project
  owners:
  - aoirint/skills
  active_owner: aoirint/skills
  content_hash: sha256:f3b8921d2db8d6bfad9088657895b126ebd8d87b92133bd65331be4a8a0a515e
- kind: project-relative
  target: codex
  value: .agents/skills/apm-usage/references/ci-guards.md
  runtime: null
  scope: project
  owners:
  - aoirint/skills
  active_owner: aoirint/skills
  content_hash: sha256:7898244519895206b90713bdeb23d7bc8ba54437f8205944cdce98acf12fe1d1
- kind: project-relative
  target: codex
  value: .agents/skills/apm-usage/scripts/propose_bootstrap_update.py
  runtime: null
  scope: project
  owners:
  - aoirint/skills
  active_owner: aoirint/skills
  content_hash: sha256:9d7d3a4292a9ad4a833f970a51cce0202f3850503d39e410c1d2fccad5eb0b58
- kind: project-relative
  target: codex
  value: .agents/skills/apm-usage/scripts/propose_bootstrap_update.py.lock
  runtime: null
  scope: project
  owners:
  - aoirint/skills
  active_owner: aoirint/skills
  content_hash: sha256:016afc221516f1724533f1623ec77ef8a9a80c06a1ffae431f32f5e063e59986
- kind: project-relative
  target: codex
  value: .agents/skills/changelog-workflow
  runtime: null
  scope: project
  owners:
  - aoirint/skills
  active_owner: aoirint/skills
  content_hash: null
- kind: project-relative
  target: codex
  value: .agents/skills/changelog-workflow/README.md
  runtime: null
  scope: project
  owners:
  - aoirint/skills
  active_owner: aoirint/skills
  content_hash: sha256:7ef8167d26522d95f62b9f11d752487d62b6bfdae05850315189fbe2a19fed83
- kind: project-relative
  target: codex
  value: .agents/skills/changelog-workflow/SKILL.md
  runtime: null
  scope: project
  owners:
  - aoirint/skills
  active_owner: aoirint/skills
  content_hash: sha256:8d9de8e0e3c31c4a2c176a0d14e3f1a45daf3db364ede7dd86983c8c3f571f54
- kind: project-relative
  target: codex
  value: .agents/skills/changelog-workflow/agents/openai.yaml
  runtime: null
  scope: project
  owners:
  - aoirint/skills
  active_owner: aoirint/skills
  content_hash: sha256:6264e6dbd0433ab63370e15033ecb94da8dd131c4edcb1d3f2b9abdeb4f680f1
- kind: project-relative
  target: codex
  value: .agents/skills/code-quality-check
  runtime: null
  scope: project
  owners:
  - aoirint/skills
  active_owner: aoirint/skills
  content_hash: null
- kind: project-relative
  target: codex
  value: .agents/skills/code-quality-check/README.md
  runtime: null
  scope: project
  owners:
  - aoirint/skills
  active_owner: aoirint/skills
  content_hash: sha256:b2cfd8bf9c3c7bd16cf86718877fa025396d15a380de88045122c4d162682cc2
- kind: project-relative
  target: codex
  value: .agents/skills/code-quality-check/SKILL.md
  runtime: null
  scope: project
  owners:
  - aoirint/skills
  active_owner: aoirint/skills
  content_hash: sha256:30d64d4b25d9be96567f3e5f7106609e1a4d9a32b3c3d520d4b3aca459631990
- kind: project-relative
  target: codex
  value: .agents/skills/code-quality-check/agents/openai.yaml
  runtime: null
  scope: project
  owners:
  - aoirint/skills
  active_owner: aoirint/skills
  content_hash: sha256:69a8a75579e3b47dc69a176417b97441adf81bc54984d3f6bc114e47a68bc9b3
- kind: project-relative
  target: codex
  value: .agents/skills/commit-message-quality-check
  runtime: null
  scope: project
  owners:
  - aoirint/skills
  active_owner: aoirint/skills
  content_hash: null
- kind: project-relative
  target: codex
  value: .agents/skills/commit-message-quality-check/README.md
  runtime: null
  scope: project
  owners:
  - aoirint/skills
  active_owner: aoirint/skills
  content_hash: sha256:c23949080d05f47cce728410ca3190225397aa41ac2015c6f02ee478ec412a24
- kind: project-relative
  target: codex
  value: .agents/skills/commit-message-quality-check/SKILL.md
  runtime: null
  scope: project
  owners:
  - aoirint/skills
  active_owner: aoirint/skills
  content_hash: sha256:db272bb7467bcb6a6c3d837dec60a34f7081c135fcd40a9e00cf4a84e29ffabe
- kind: project-relative
  target: codex
  value: .agents/skills/commit-message-quality-check/agents/openai.yaml
  runtime: null
  scope: project
  owners:
  - aoirint/skills
  active_owner: aoirint/skills
  content_hash: sha256:faffd948a0989dcfc87dcd3b0580c4a7003d01ef436e66dab9f280df57de652c
- kind: project-relative
  target: codex
  value: .agents/skills/docker-quality-check
  runtime: null
  scope: project
  owners:
  - aoirint/skills
  active_owner: aoirint/skills
  content_hash: null
- kind: project-relative
  target: codex
  value: .agents/skills/docker-quality-check/README.md
  runtime: null
  scope: project
  owners:
  - aoirint/skills
  active_owner: aoirint/skills
  content_hash: sha256:912a73d3de06babc6eed1ecdaf275139ae465797083dc5427affb54d00c57bf0
- kind: project-relative
  target: codex
  value: .agents/skills/docker-quality-check/SKILL.md
  runtime: null
  scope: project
  owners:
  - aoirint/skills
  active_owner: aoirint/skills
  content_hash: sha256:642f9fdb8d92170a51fdadd2c6fc98a154b1cfeda097c0c7b59bbb8307308069
- kind: project-relative
  target: codex
  value: .agents/skills/docker-quality-check/agents/openai.yaml
  runtime: null
  scope: project
  owners:
  - aoirint/skills
  active_owner: aoirint/skills
  content_hash: sha256:8abdaaa5a0458e86821080f50a2dfc34374c5c673a6c257fa351a2a96a16d064
- kind: project-relative
  target: codex
  value: .agents/skills/docker-quality-check/assets/github/actions/lint-docker/action.yml
  runtime: null
  scope: project
  owners:
  - aoirint/skills
  active_owner: aoirint/skills
  content_hash: sha256:9f9b507f64721d295ca96eabe440a73caed1d280ec42e7dd0f81ebc796a87ad3
- kind: project-relative
  target: codex
  value: .agents/skills/docker-quality-check/assets/github/workflows/main.yml
  runtime: null
  scope: project
  owners:
  - aoirint/skills
  active_owner: aoirint/skills
  content_hash: sha256:eb431cdcf975f9cbb42f2fce1a3b9afb11134f802d82ccac7d8d63946d050c4a
- kind: project-relative
  target: codex
  value: .agents/skills/docker-quality-check/assets/github/workflows/pull-request.yml
  runtime: null
  scope: project
  owners:
  - aoirint/skills
  active_owner: aoirint/skills
  content_hash: sha256:0ff5ebdc316889f7d295a22de2f24c2ad0307be5c8afb76cb1555d4ac3c05782
- kind: project-relative
  target: codex
  value: .agents/skills/docker-quality-check/references/ci-template-contract.md
  runtime: null
  scope: project
  owners:
  - aoirint/skills
  active_owner: aoirint/skills
  content_hash: sha256:91931e9e0d6bb3bd2291fde1b4f6159a8005100b8d8ac7666b65aa0a65403dd8
- kind: project-relative
  target: codex
  value: .agents/skills/git-worktree-workflow
  runtime: null
  scope: project
  owners:
  - aoirint/skills
  active_owner: aoirint/skills
  content_hash: null
- kind: project-relative
  target: codex
  value: .agents/skills/git-worktree-workflow/README.md
  runtime: null
  scope: project
  owners:
  - aoirint/skills
  active_owner: aoirint/skills
  content_hash: sha256:fa6483b5919a01b84fa0d6ffcbaae20b84ed3807e18029e8807e61b0ee4f9de9
- kind: project-relative
  target: codex
  value: .agents/skills/git-worktree-workflow/SKILL.md
  runtime: null
  scope: project
  owners:
  - aoirint/skills
  active_owner: aoirint/skills
  content_hash: sha256:67e2474b9878cc6cb209ae30b19c233f65969abe5b5d543f0c9a16e46f1d40d2
- kind: project-relative
  target: codex
  value: .agents/skills/git-worktree-workflow/agents/openai.yaml
  runtime: null
  scope: project
  owners:
  - aoirint/skills
  active_owner: aoirint/skills
  content_hash: sha256:3eb9da73e7a041e77d82f0d5c3a8c67e914575cff8651b71d077db30fe3da99a
- kind: project-relative
  target: codex
  value: .agents/skills/github-workflow
  runtime: null
  scope: project
  owners:
  - aoirint/skills
  active_owner: aoirint/skills
  content_hash: null
- kind: project-relative
  target: codex
  value: .agents/skills/github-workflow/README.md
  runtime: null
  scope: project
  owners:
  - aoirint/skills
  active_owner: aoirint/skills
  content_hash: sha256:381a6c5fee202282fe66b35070b605c2b344f718aa63cf9b91abeca1936ab2d2
- kind: project-relative
  target: codex
  value: .agents/skills/github-workflow/SKILL.md
  runtime: null
  scope: project
  owners:
  - aoirint/skills
  active_owner: aoirint/skills
  content_hash: sha256:d48216b0fb3656228d1af7689cd538303a3114bcc7e0b74f1404258b836f7412
- kind: project-relative
  target: codex
  value: .agents/skills/github-workflow/agents/openai.yaml
  runtime: null
  scope: project
  owners:
  - aoirint/skills
  active_owner: aoirint/skills
  content_hash: sha256:1d8dfa53b85500f8d112c039d1c522dde129d140208c65d7145aa55e70eae329
- kind: project-relative
  target: codex
  value: .agents/skills/github-workflow/references/fallback-pr-body.md
  runtime: null
  scope: project
  owners:
  - aoirint/skills
  active_owner: aoirint/skills
  content_hash: sha256:b98239e7d4cdddd8e267ab155f4e4c38fcc514526d9a32f13fcd5b21a1c07eb2
- kind: project-relative
  target: codex
  value: .agents/skills/github-workflow/scripts/check_llm_disclosure.py
  runtime: null
  scope: project
  owners:
  - aoirint/skills
  active_owner: aoirint/skills
  content_hash: sha256:bc9c5cbd8efa77095eac42e53da714ed8dff86fa3b0e7870fc3e7eca1ca36e20
- kind: project-relative
  target: codex
  value: .agents/skills/gitignore-workflow
  runtime: null
  scope: project
  owners:
  - aoirint/skills
  active_owner: aoirint/skills
  content_hash: null
- kind: project-relative
  target: codex
  value: .agents/skills/gitignore-workflow/README.md
  runtime: null
  scope: project
  owners:
  - aoirint/skills
  active_owner: aoirint/skills
  content_hash: sha256:0de188ebcdd40ea1aec701410e1c2182049b66bc4ec4d83a3bf55685b4267d47
- kind: project-relative
  target: codex
  value: .agents/skills/gitignore-workflow/SKILL.md
  runtime: null
  scope: project
  owners:
  - aoirint/skills
  active_owner: aoirint/skills
  content_hash: sha256:2ef38f42e418c10e0ba7632e3ba37614df97044dfa8847ad1338e6c4c896c089
- kind: project-relative
  target: codex
  value: .agents/skills/gitignore-workflow/agents/openai.yaml
  runtime: null
  scope: project
  owners:
  - aoirint/skills
  active_owner: aoirint/skills
  content_hash: sha256:f6a9b176003028588ff4c1d9ee4e23c625892d00b65086bf4b6b26a3f896030d
- kind: project-relative
  target: codex
  value: .agents/skills/prose-quality-check
  runtime: null
  scope: project
  owners:
  - aoirint/skills
  active_owner: aoirint/skills
  content_hash: null
- kind: project-relative
  target: codex
  value: .agents/skills/prose-quality-check/README.md
  runtime: null
  scope: project
  owners:
  - aoirint/skills
  active_owner: aoirint/skills
  content_hash: sha256:8e4d9f8f8fdfba1cf7fe71fa88cac6baffa0d3c7616f744c0e3b1add102be5e7
- kind: project-relative
  target: codex
  value: .agents/skills/prose-quality-check/SKILL.md
  runtime: null
  scope: project
  owners:
  - aoirint/skills
  active_owner: aoirint/skills
  content_hash: sha256:9ec45813d04382e04a3b504fd187e4151fc5198352564bd0bcb064f4eaf9a702
- kind: project-relative
  target: codex
  value: .agents/skills/prose-quality-check/agents/openai.yaml
  runtime: null
  scope: project
  owners:
  - aoirint/skills
  active_owner: aoirint/skills
  content_hash: sha256:b83e0a5d151e6e20df6f7d97f268955c6abfd105d53820f6baad0de8403fc062
- kind: project-relative
  target: codex
  value: .agents/skills/python-quality-check
  runtime: null
  scope: project
  owners:
  - aoirint/skills
  active_owner: aoirint/skills
  content_hash: null
- kind: project-relative
  target: codex
  value: .agents/skills/python-quality-check/README.md
  runtime: null
  scope: project
  owners:
  - aoirint/skills
  active_owner: aoirint/skills
  content_hash: sha256:20a23003a24a8caf2f03dd5a06bed99c81cf93ab53fe5a196c6a67ab59c53b0e
- kind: project-relative
  target: codex
  value: .agents/skills/python-quality-check/SKILL.md
  runtime: null
  scope: project
  owners:
  - aoirint/skills
  active_owner: aoirint/skills
  content_hash: sha256:8827207925dfe0648856628561433435a6c3bd3f27e8497a784b809e90c9441d
- kind: project-relative
  target: codex
  value: .agents/skills/python-quality-check/agents/openai.yaml
  runtime: null
  scope: project
  owners:
  - aoirint/skills
  active_owner: aoirint/skills
  content_hash: sha256:f0b4ad3807e177becec02271314fb32c1ec8d5a7682725ddd4a611a5381084d1
- kind: project-relative
  target: codex
  value: .agents/skills/python-quality-check/references/ci-and-distribution.md
  runtime: null
  scope: project
  owners:
  - aoirint/skills
  active_owner: aoirint/skills
  content_hash: sha256:e52aaf46c28816d6f6262a5421dba8de9f906d2b606987bedcda840d2e687281
- kind: project-relative
  target: codex
  value: .agents/skills/python-quality-check/references/tooling-and-testing.md
  runtime: null
  scope: project
  owners:
  - aoirint/skills
  active_owner: aoirint/skills
  content_hash: sha256:8dd45ccbf2818d73c6497beec400567c294eec842199eaf329e856d40446e771
- kind: project-relative
  target: codex
  value: .agents/skills/python-quality-check/scripts/check_project.py
  runtime: null
  scope: project
  owners:
  - aoirint/skills
  active_owner: aoirint/skills
  content_hash: sha256:8175b500198399a2ce8b79b4fc8d1902f791d163a0d6dfd35b5ce56b41c5ccc5
- kind: project-relative
  target: codex
  value: .agents/skills/python-quality-check/scripts/check_project.py.lock
  runtime: null
  scope: project
  owners:
  - aoirint/skills
  active_owner: aoirint/skills
  content_hash: sha256:76042d39ffdbb675188966b4fc41d312b0ec9374a7aa438d4f5e919adcf04c07
- kind: project-relative
  target: codex
  value: .agents/skills/python-quality-check/scripts/inspect_distribution.py
  runtime: null
  scope: project
  owners:
  - aoirint/skills
  active_owner: aoirint/skills
  content_hash: sha256:86cc60199cf85c6eab39f648c9892963fbfd2ec6d913106119b0eb679eca6849
- kind: project-relative
  target: codex
  value: .agents/skills/python-quality-check/scripts/inspect_distribution.py.lock
  runtime: null
  scope: project
  owners:
  - aoirint/skills
  active_owner: aoirint/skills
  content_hash: sha256:76042d39ffdbb675188966b4fc41d312b0ec9374a7aa438d4f5e919adcf04c07
- kind: project-relative
  target: codex
  value: .agents/skills/python-quality-check/scripts/test_check_project.py
  runtime: null
  scope: project
  owners:
  - aoirint/skills
  active_owner: aoirint/skills
  content_hash: sha256:3f11ecf64d5febb40c3401cd1af77fdc979c273ed3e58000c5de15cc75bf4f89
- kind: project-relative
  target: codex
  value: .agents/skills/python-quality-check/scripts/test_inspect_distribution.py
  runtime: null
  scope: project
  owners:
  - aoirint/skills
  active_owner: aoirint/skills
  content_hash: sha256:71758c1bb5e05991d8965a323f41e7c25aba529e777a9340d38c10f433392263
- kind: project-relative
  target: codex
  value: .agents/skills/release-note-workflow
  runtime: null
  scope: project
  owners:
  - aoirint/skills
  active_owner: aoirint/skills
  content_hash: null
- kind: project-relative
  target: codex
  value: .agents/skills/release-note-workflow/README.md
  runtime: null
  scope: project
  owners:
  - aoirint/skills
  active_owner: aoirint/skills
  content_hash: sha256:f13446e75a1c77495c4d55476ba8ca919aa3181e0864feb7a668a20a5cdf964b
- kind: project-relative
  target: codex
  value: .agents/skills/release-note-workflow/SKILL.md
  runtime: null
  scope: project
  owners:
  - aoirint/skills
  active_owner: aoirint/skills
  content_hash: sha256:518296cb00d1ef181785ea8abd0150b9704b5cdd05a48fc0390284c548ef421c
- kind: project-relative
  target: codex
  value: .agents/skills/release-note-workflow/agents/openai.yaml
  runtime: null
  scope: project
  owners:
  - aoirint/skills
  active_owner: aoirint/skills
  content_hash: sha256:30cfe7d4520783cfc8c72f5f81cc3e7a5708a5827e691f0003a665d89558fda0
- kind: project-relative
  target: codex
  value: .agents/skills/security-check
  runtime: null
  scope: project
  owners:
  - aoirint/skills
  active_owner: aoirint/skills
  content_hash: null
- kind: project-relative
  target: codex
  value: .agents/skills/security-check/README.md
  runtime: null
  scope: project
  owners:
  - aoirint/skills
  active_owner: aoirint/skills
  content_hash: sha256:d321689b998388180ac852fdb6374ab3b79bec508a53d00461a9db79fb246d2e
- kind: project-relative
  target: codex
  value: .agents/skills/security-check/SKILL.md
  runtime: null
  scope: project
  owners:
  - aoirint/skills
  active_owner: aoirint/skills
  content_hash: sha256:b343a0f82623298ec8499b44859f80029fdf97ea0367b96da88ff9dcd5bd3297
- kind: project-relative
  target: codex
  value: .agents/skills/security-check/agents/openai.yaml
  runtime: null
  scope: project
  owners:
  - aoirint/skills
  active_owner: aoirint/skills
  content_hash: sha256:87edf0cc1e8717194d0c536f2d5ac0cc1ac9ec04402311d34e953d2e2b23fa19
- kind: project-relative
  target: codex
  value: .agents/skills/security-check/references/artifact-inspection.md
  runtime: null
  scope: project
  owners:
  - aoirint/skills
  active_owner: aoirint/skills
  content_hash: sha256:9842555f4789e77e6cf3d22b000116497207ecf6fa5587f2b1fe0dc20e7dffda
- kind: project-relative
  target: codex
  value: .agents/skills/security-check/references/external-code-execution.md
  runtime: null
  scope: project
  owners:
  - aoirint/skills
  active_owner: aoirint/skills
  content_hash: sha256:87ca817baa02ef6b955e5878f0cd79c875abdb0be6e0177cfce158968e628bc3
