lockfile_version: '1'
generated_at: '2026-07-26T02:33:08.265863+00:00'
apm_version: 0.26.0
dependencies:
- repo_url: aoirint/skills
  name: skills
  host: github.com
  resolved_commit: 4361f1c00e419199803f6f88a760654f486f3ae4
  resolved_ref: 4361f1c00e419199803f6f88a760654f486f3ae4
  version: 0.0.0
  package_type: apm_package
  deployed_files:
  - .agents/skills/changelog-workflow
  - .agents/skills/changelog-workflow/README.md
  - .agents/skills/changelog-workflow/SKILL.md
  - .agents/skills/changelog-workflow/agents/openai.yaml
  - .agents/skills/code-quality-check
  - .agents/skills/code-quality-check/README.md
  - .agents/skills/code-quality-check/SKILL.md
  - .agents/skills/code-quality-check/agents/openai.yaml
  - .agents/skills/commit-message-quality-check
  - .agents/skills/commit-message-quality-check/README.md
  - .agents/skills/commit-message-quality-check/SKILL.md
  - .agents/skills/commit-message-quality-check/agents/openai.yaml
  - .agents/skills/git-worktree-workflow
  - .agents/skills/git-worktree-workflow/README.md
  - .agents/skills/git-worktree-workflow/SKILL.md
  - .agents/skills/git-worktree-workflow/agents/openai.yaml
  - .agents/skills/gitignore-workflow
  - .agents/skills/gitignore-workflow/README.md
  - .agents/skills/gitignore-workflow/SKILL.md
  - .agents/skills/gitignore-workflow/agents/openai.yaml
  - .agents/skills/prose-quality-check
  - .agents/skills/prose-quality-check/README.md
  - .agents/skills/prose-quality-check/SKILL.md
  - .agents/skills/prose-quality-check/agents/openai.yaml
  - .agents/skills/release-note-workflow
  - .agents/skills/release-note-workflow/README.md
  - .agents/skills/release-note-workflow/SKILL.md
  - .agents/skills/release-note-workflow/agents/openai.yaml
  - .agents/skills/security-check
  - .agents/skills/security-check/README.md
  - .agents/skills/security-check/SKILL.md
  - .agents/skills/security-check/agents/openai.yaml
  - .agents/skills/security-check/references/artifact-inspection.md
  - .agents/skills/security-check/references/external-code-execution.md
  deployed_file_hashes:
    .agents/skills/changelog-workflow/README.md: sha256:7ef8167d26522d95f62b9f11d752487d62b6bfdae05850315189fbe2a19fed83
    .agents/skills/changelog-workflow/SKILL.md: sha256:8d9de8e0e3c31c4a2c176a0d14e3f1a45daf3db364ede7dd86983c8c3f571f54
    .agents/skills/changelog-workflow/agents/openai.yaml: sha256:6264e6dbd0433ab63370e15033ecb94da8dd131c4edcb1d3f2b9abdeb4f680f1
    .agents/skills/code-quality-check/README.md: sha256:b2cfd8bf9c3c7bd16cf86718877fa025396d15a380de88045122c4d162682cc2
    .agents/skills/code-quality-check/SKILL.md: sha256:30d64d4b25d9be96567f3e5f7106609e1a4d9a32b3c3d520d4b3aca459631990
    .agents/skills/code-quality-check/agents/openai.yaml: sha256:69a8a75579e3b47dc69a176417b97441adf81bc54984d3f6bc114e47a68bc9b3
    .agents/skills/commit-message-quality-check/README.md: sha256:c23949080d05f47cce728410ca3190225397aa41ac2015c6f02ee478ec412a24
    .agents/skills/commit-message-quality-check/SKILL.md: sha256:db272bb7467bcb6a6c3d837dec60a34f7081c135fcd40a9e00cf4a84e29ffabe
    .agents/skills/commit-message-quality-check/agents/openai.yaml: sha256:faffd948a0989dcfc87dcd3b0580c4a7003d01ef436e66dab9f280df57de652c
    .agents/skills/git-worktree-workflow/README.md: sha256:fa6483b5919a01b84fa0d6ffcbaae20b84ed3807e18029e8807e61b0ee4f9de9
    .agents/skills/git-worktree-workflow/SKILL.md: sha256:67e2474b9878cc6cb209ae30b19c233f65969abe5b5d543f0c9a16e46f1d40d2
    .agents/skills/git-worktree-workflow/agents/openai.yaml: sha256:3eb9da73e7a041e77d82f0d5c3a8c67e914575cff8651b71d077db30fe3da99a
    .agents/skills/gitignore-workflow/README.md: sha256:0de188ebcdd40ea1aec701410e1c2182049b66bc4ec4d83a3bf55685b4267d47
    .agents/skills/gitignore-workflow/SKILL.md: sha256:2ef38f42e418c10e0ba7632e3ba37614df97044dfa8847ad1338e6c4c896c089
    .agents/skills/gitignore-workflow/agents/openai.yaml: sha256:f6a9b176003028588ff4c1d9ee4e23c625892d00b65086bf4b6b26a3f896030d
    .agents/skills/prose-quality-check/README.md: sha256:8e4d9f8f8fdfba1cf7fe71fa88cac6baffa0d3c7616f744c0e3b1add102be5e7
    .agents/skills/prose-quality-check/SKILL.md: sha256:9ec45813d04382e04a3b504fd187e4151fc5198352564bd0bcb064f4eaf9a702
    .agents/skills/prose-quality-check/agents/openai.yaml: sha256:b83e0a5d151e6e20df6f7d97f268955c6abfd105d53820f6baad0de8403fc062
    .agents/skills/release-note-workflow/README.md: sha256:f13446e75a1c77495c4d55476ba8ca919aa3181e0864feb7a668a20a5cdf964b
    .agents/skills/release-note-workflow/SKILL.md: sha256:518296cb00d1ef181785ea8abd0150b9704b5cdd05a48fc0390284c548ef421c
    .agents/skills/release-note-workflow/agents/openai.yaml: sha256:30cfe7d4520783cfc8c72f5f81cc3e7a5708a5827e691f0003a665d89558fda0
    .agents/skills/security-check/README.md: sha256:d321689b998388180ac852fdb6374ab3b79bec508a53d00461a9db79fb246d2e
    .agents/skills/security-check/SKILL.md: sha256:b343a0f82623298ec8499b44859f80029fdf97ea0367b96da88ff9dcd5bd3297
    .agents/skills/security-check/agents/openai.yaml: sha256:87edf0cc1e8717194d0c536f2d5ac0cc1ac9ec04402311d34e953d2e2b23fa19
    .agents/skills/security-check/references/artifact-inspection.md: sha256:9842555f4789e77e6cf3d22b000116497207ecf6fa5587f2b1fe0dc20e7dffda
    .agents/skills/security-check/references/external-code-execution.md: sha256:87ca817baa02ef6b955e5878f0cd79c875abdb0be6e0177cfce158968e628bc3
  content_hash: sha256:9af2aba371779ec675b76fde4a23eef4be77607b9c4968030401d2cbe3bdaae8
  skill_subset:
  - changelog-workflow
  - code-quality-check
  - commit-message-quality-check
  - git-worktree-workflow
  - github-actions-quality-check
  - gitignore-workflow
  - issue-quality-check
  - prose-quality-check
  - pull-request-quality-check
  - release-note-workflow
  - security-check
  declared_license: MIT
deployments:
- kind: project-relative
  target: codex
  value: .agents/skills/changelog-workflow
  runtime: null
  scope: project
  owners:
  - aoirint/skills
  active_owner: aoirint/skills
  content_hash: null
- kind: project-relative
  target: codex
  value: .agents/skills/changelog-workflow/README.md
  runtime: null
  scope: project
  owners:
  - aoirint/skills
  active_owner: aoirint/skills
  content_hash: sha256:7ef8167d26522d95f62b9f11d752487d62b6bfdae05850315189fbe2a19fed83
- kind: project-relative
  target: codex
  value: .agents/skills/changelog-workflow/SKILL.md
  runtime: null
  scope: project
  owners:
  - aoirint/skills
  active_owner: aoirint/skills
  content_hash: sha256:8d9de8e0e3c31c4a2c176a0d14e3f1a45daf3db364ede7dd86983c8c3f571f54
- kind: project-relative
  target: codex
  value: .agents/skills/changelog-workflow/agents/openai.yaml
  runtime: null
  scope: project
  owners:
  - aoirint/skills
  active_owner: aoirint/skills
  content_hash: sha256:6264e6dbd0433ab63370e15033ecb94da8dd131c4edcb1d3f2b9abdeb4f680f1
- kind: project-relative
  target: codex
  value: .agents/skills/code-quality-check
  runtime: null
  scope: project
  owners:
  - aoirint/skills
  active_owner: aoirint/skills
  content_hash: null
- kind: project-relative
  target: codex
  value: .agents/skills/code-quality-check/README.md
  runtime: null
  scope: project
  owners:
  - aoirint/skills
  active_owner: aoirint/skills
  content_hash: sha256:b2cfd8bf9c3c7bd16cf86718877fa025396d15a380de88045122c4d162682cc2
- kind: project-relative
  target: codex
  value: .agents/skills/code-quality-check/SKILL.md
  runtime: null
  scope: project
  owners:
  - aoirint/skills
  active_owner: aoirint/skills
  content_hash: sha256:30d64d4b25d9be96567f3e5f7106609e1a4d9a32b3c3d520d4b3aca459631990
- kind: project-relative
  target: codex
  value: .agents/skills/code-quality-check/agents/openai.yaml
  runtime: null
  scope: project
  owners:
  - aoirint/skills
  active_owner: aoirint/skills
  content_hash: sha256:69a8a75579e3b47dc69a176417b97441adf81bc54984d3f6bc114e47a68bc9b3
- kind: project-relative
  target: codex
  value: .agents/skills/commit-message-quality-check
  runtime: null
  scope: project
  owners:
  - aoirint/skills
  active_owner: aoirint/skills
  content_hash: null
- kind: project-relative
  target: codex
  value: .agents/skills/commit-message-quality-check/README.md
  runtime: null
  scope: project
  owners:
  - aoirint/skills
  active_owner: aoirint/skills
  content_hash: sha256:c23949080d05f47cce728410ca3190225397aa41ac2015c6f02ee478ec412a24
- kind: project-relative
  target: codex
  value: .agents/skills/commit-message-quality-check/SKILL.md
  runtime: null
  scope: project
  owners:
  - aoirint/skills
  active_owner: aoirint/skills
  content_hash: sha256:db272bb7467bcb6a6c3d837dec60a34f7081c135fcd40a9e00cf4a84e29ffabe
- kind: project-relative
  target: codex
  value: .agents/skills/commit-message-quality-check/agents/openai.yaml
  runtime: null
  scope: project
  owners:
  - aoirint/skills
  active_owner: aoirint/skills
  content_hash: sha256:faffd948a0989dcfc87dcd3b0580c4a7003d01ef436e66dab9f280df57de652c
- kind: project-relative
  target: codex
  value: .agents/skills/git-worktree-workflow
  runtime: null
  scope: project
  owners:
  - aoirint/skills
  active_owner: aoirint/skills
  content_hash: null
- kind: project-relative
  target: codex
  value: .agents/skills/git-worktree-workflow/README.md
  runtime: null
  scope: project
  owners:
  - aoirint/skills
  active_owner: aoirint/skills
  content_hash: sha256:fa6483b5919a01b84fa0d6ffcbaae20b84ed3807e18029e8807e61b0ee4f9de9
- kind: project-relative
  target: codex
  value: .agents/skills/git-worktree-workflow/SKILL.md
  runtime: null
  scope: project
  owners:
  - aoirint/skills
  active_owner: aoirint/skills
  content_hash: sha256:67e2474b9878cc6cb209ae30b19c233f65969abe5b5d543f0c9a16e46f1d40d2
- kind: project-relative
  target: codex
  value: .agents/skills/git-worktree-workflow/agents/openai.yaml
  runtime: null
  scope: project
  owners:
  - aoirint/skills
  active_owner: aoirint/skills
  content_hash: sha256:3eb9da73e7a041e77d82f0d5c3a8c67e914575cff8651b71d077db30fe3da99a
- kind: project-relative
  target: codex
  value: .agents/skills/gitignore-workflow
  runtime: null
  scope: project
  owners:
  - aoirint/skills
  active_owner: aoirint/skills
  content_hash: null
- kind: project-relative
  target: codex
  value: .agents/skills/gitignore-workflow/README.md
  runtime: null
  scope: project
  owners:
  - aoirint/skills
  active_owner: aoirint/skills
  content_hash: sha256:0de188ebcdd40ea1aec701410e1c2182049b66bc4ec4d83a3bf55685b4267d47
- kind: project-relative
  target: codex
  value: .agents/skills/gitignore-workflow/SKILL.md
  runtime: null
  scope: project
  owners:
  - aoirint/skills
  active_owner: aoirint/skills
  content_hash: sha256:2ef38f42e418c10e0ba7632e3ba37614df97044dfa8847ad1338e6c4c896c089
- kind: project-relative
  target: codex
  value: .agents/skills/gitignore-workflow/agents/openai.yaml
  runtime: null
  scope: project
  owners:
  - aoirint/skills
  active_owner: aoirint/skills
  content_hash: sha256:f6a9b176003028588ff4c1d9ee4e23c625892d00b65086bf4b6b26a3f896030d
- kind: project-relative
  target: codex
  value: .agents/skills/prose-quality-check
  runtime: null
  scope: project
  owners:
  - aoirint/skills
  active_owner: aoirint/skills
  content_hash: null
- kind: project-relative
  target: codex
  value: .agents/skills/prose-quality-check/README.md
  runtime: null
  scope: project
  owners:
  - aoirint/skills
  active_owner: aoirint/skills
  content_hash: sha256:8e4d9f8f8fdfba1cf7fe71fa88cac6baffa0d3c7616f744c0e3b1add102be5e7
- kind: project-relative
  target: codex
  value: .agents/skills/prose-quality-check/SKILL.md
  runtime: null
  scope: project
  owners:
  - aoirint/skills
  active_owner: aoirint/skills
  content_hash: sha256:9ec45813d04382e04a3b504fd187e4151fc5198352564bd0bcb064f4eaf9a702
- kind: project-relative
  target: codex
  value: .agents/skills/prose-quality-check/agents/openai.yaml
  runtime: null
  scope: project
  owners:
  - aoirint/skills
  active_owner: aoirint/skills
  content_hash: sha256:b83e0a5d151e6e20df6f7d97f268955c6abfd105d53820f6baad0de8403fc062
- kind: project-relative
  target: codex
  value: .agents/skills/release-note-workflow
  runtime: null
  scope: project
  owners:
  - aoirint/skills
  active_owner: aoirint/skills
  content_hash: null
- kind: project-relative
  target: codex
  value: .agents/skills/release-note-workflow/README.md
  runtime: null
  scope: project
  owners:
  - aoirint/skills
  active_owner: aoirint/skills
  content_hash: sha256:f13446e75a1c77495c4d55476ba8ca919aa3181e0864feb7a668a20a5cdf964b
- kind: project-relative
  target: codex
  value: .agents/skills/release-note-workflow/SKILL.md
  runtime: null
  scope: project
  owners:
  - aoirint/skills
  active_owner: aoirint/skills
  content_hash: sha256:518296cb00d1ef181785ea8abd0150b9704b5cdd05a48fc0390284c548ef421c
- kind: project-relative
  target: codex
  value: .agents/skills/release-note-workflow/agents/openai.yaml
  runtime: null
  scope: project
  owners:
  - aoirint/skills
  active_owner: aoirint/skills
  content_hash: sha256:30cfe7d4520783cfc8c72f5f81cc3e7a5708a5827e691f0003a665d89558fda0
- kind: project-relative
  target: codex
  value: .agents/skills/security-check
  runtime: null
  scope: project
  owners:
  - aoirint/skills
  active_owner: aoirint/skills
  content_hash: null
- kind: project-relative
  target: codex
  value: .agents/skills/security-check/README.md
  runtime: null
  scope: project
  owners:
  - aoirint/skills
  active_owner: aoirint/skills
  content_hash: sha256:d321689b998388180ac852fdb6374ab3b79bec508a53d00461a9db79fb246d2e
- kind: project-relative
  target: codex
  value: .agents/skills/security-check/SKILL.md
  runtime: null
  scope: project
  owners:
  - aoirint/skills
  active_owner: aoirint/skills
  content_hash: sha256:b343a0f82623298ec8499b44859f80029fdf97ea0367b96da88ff9dcd5bd3297
- kind: project-relative
  target: codex
  value: .agents/skills/security-check/agents/openai.yaml
  runtime: null
  scope: project
  owners:
  - aoirint/skills
  active_owner: aoirint/skills
  content_hash: sha256:87edf0cc1e8717194d0c536f2d5ac0cc1ac9ec04402311d34e953d2e2b23fa19
- kind: project-relative
  target: codex
  value: .agents/skills/security-check/references/artifact-inspection.md
  runtime: null
  scope: project
  owners:
  - aoirint/skills
  active_owner: aoirint/skills
  content_hash: sha256:9842555f4789e77e6cf3d22b000116497207ecf6fa5587f2b1fe0dc20e7dffda
- kind: project-relative
  target: codex
  value: .agents/skills/security-check/references/external-code-execution.md
  runtime: null
  scope: project
  owners:
  - aoirint/skills
  active_owner: aoirint/skills
  content_hash: sha256:87ca817baa02ef6b955e5878f0cd79c875abdb0be6e0177cfce158968e628bc3
